
Microsoft Visual Studio Solution File, Format Version 12.00
# Visual Studio Version 17
VisualStudioVersion = 17.6.33815.320
MinimumVisualStudioVersion = 10.0.40219.1
Project("{FAE04EC0-301F-11D3-BF4B-00C04F79EFBC}") = "TicTacToeAdv", "TicTacToeAdv.csproj", "{8F2E5818-3A36-4CBB-B0C3-F797D3C6CA3C}"
EndProject
Global
	GlobalSection(SolutionConfigurationPlatforms) = preSolution
		Debug|Any CPU = Debug|Any CPU
		Release|Any CPU = Release|Any CPU
	EndGlobalSection
	GlobalSection(ProjectConfigurationPlatforms) = postSolution
		{8F2E5818-3A36-4CBB-B0C3-F797D3C6CA3C}.Debug|Any CPU.ActiveCfg = Debug|Any CPU
		{8F2E5818-3A36-4CBB-B0C3-F797D3C6CA3C}.Debug|Any CPU.Build.0 = Debug|Any CPU
		{8F2E5818-3A36-4CBB-B0C3-F797D3C6CA3C}.Release|Any CPU.ActiveCfg = Release|Any CPU
		{8F2E5818-3A36-4CBB-B0C3-F797D3C6CA3C}.Release|Any CPU.Build.0 = Release|Any CPU
	EndGlobalSection
	GlobalSection(SolutionProperties) = preSolution
		HideSolutionNode = FALSE
	EndGlobalSection
	GlobalSection(ExtensibilityGlobals) = postSolution
		SolutionGuid = {8220069B-3E45-42A7-B872-8FE1DB856CF3}
	EndGlobalSection
EndGlobal
